<?xml version="1.0" encoding="utf-8"?>
<Project ToolsVersion="4.0" xmlns="http://schemas.microsoft.com/developer/msbuild/2003">
  <ItemGroup>
    <ClCompile Include="AboutDlg.cpp">
      <Filter>Source Files</Filter>
    </ClCompile>
    <ClCompile Include="ComponentInfo.cpp">
      <Filter>Source Files</Filter>
    </ClCompile>
    <ClCompile Include="DisplayObjectFactory.cpp">
      <Filter>Source Files</Filter>
    </ClCompile>
    <ClCompile Include="GraphViewChildFrame.cpp">
      <Filter>Source Files</Filter>
    </ClCompile>
    <ClCompile Include="LoadRatingOptionsPage.cpp">
      <Filter>Source Files</Filter>
    </ClCompile>
    <ClCompile Include="mfcdual.cpp">
      <Filter>Source Files</Filter>
    </ClCompile>
    <ClCompile Include="PGSpliceComponentInfo.cpp">
      <Filter>Source Files</Filter>
    </ClCompile>
    <ClCompile Include="PGSuperComponentInfo.cpp">
      <Filter>Source Files</Filter>
    </ClCompile>
    <ClCompile Include="PGSuperExporter.cpp">
      <Filter>Source Files</Filter>
    </ClCompile>
    <ClCompile Include="ReinforcementPageParent.cpp">
      <Filter>Source Files</Filter>
    </ClCompile>
    <ClCompile Include="ReportViewChildFrame.cpp">
      <Filter>Source Files</Filter>
    </ClCompile>
    <ClCompile Include="SectionCut.cpp">
      <Filter>Source Files</Filter>
    </ClCompile>
    <ClCompile Include="SectionCutDlg.cpp">
      <Filter>Source Files</Filter>
    </ClCompile>
    <ClCompile Include="txnEditLoadRatingOptions.cpp">
      <Filter>Source Files</Filter>
    </ClCompile>
    <ClCompile Include="StdAfx.cpp">
      <Filter>Source Files</Filter>
    </ClCompile>
    <ClCompile Include="txnEditReinforcement.cpp">
      <Filter>Source Files</Filter>
    </ClCompile>
    <ClCompile Include="XBeamRateAgent.cpp">
      <Filter>Source Files</Filter>
    </ClCompile>
    <ClCompile Include="XBeamRateAppPlugin.cpp">
      <Filter>Source Files</Filter>
    </ClCompile>
    <ClCompile Include="XBeamRateChildFrame.cpp">
      <Filter>Source Files</Filter>
    </ClCompile>
    <ClCompile Include="XBeamRateCommandLineInfo.cpp">
      <Filter>Source Files</Filter>
    </ClCompile>
    <ClCompile Include="XBeamRateCommandLineProcessor.cpp">
      <Filter>Source Files</Filter>
    </ClCompile>
    <ClCompile Include="XBeamRateDoc.cpp">
      <Filter>Source Files</Filter>
    </ClCompile>
    <ClCompile Include="XBeamRateDocProxyAgent.cpp">
      <Filter>Source Files</Filter>
    </ClCompile>
    <ClCompile Include="XBeamRateDocTemplate.cpp">
      <Filter>Source Files</Filter>
    </ClCompile>
    <ClCompile Include="XBeamRateGraphView.cpp">
      <Filter>Source Files</Filter>
    </ClCompile>
    <ClCompile Include="XBeamRatePluginApp.cpp">
      <Filter>Source Files</Filter>
    </ClCompile>
    <ClCompile Include="XBeamRateReportView.cpp">
      <Filter>Source Files</Filter>
    </ClCompile>
    <ClCompile Include="XBeamRateStatusBar.cpp">
      <Filter>Source Files</Filter>
    </ClCompile>
    <ClCompile Include="XBeamRateVersionInfoImpl.cpp">
      <Filter>Source Files</Filter>
    </ClCompile>
    <ClCompile Include="XBeamRateView.cpp">
      <Filter>Source Files</Filter>
    </ClCompile>
    <ClCompile Include="XBRateCalculationSheet.cpp">
      <Filter>Source Files</Filter>
    </ClCompile>
  </ItemGroup>
  <ItemGroup>
    <ClInclude Include="AboutDlg.h">
      <Filter>Header Files</Filter>
    </ClInclude>
    <ClInclude Include="ComponentInfo.h">
      <Filter>Header Files</Filter>
    </ClInclude>
    <ClInclude Include="DisplayObjectFactory.h">
      <Filter>Header Files</Filter>
    </ClInclude>
    <ClInclude Include="GraphViewChildFrame.h">
      <Filter>Header Files</Filter>
    </ClInclude>
    <ClInclude Include="LoadRatingOptionsPage.h">
      <Filter>Header Files</Filter>
    </ClInclude>
    <ClInclude Include="mfcdual.h">
      <Filter>Header Files</Filter>
    </ClInclude>
    <ClInclude Include="PGSpliceComponentInfo.h">
      <Filter>Header Files</Filter>
    </ClInclude>
    <ClInclude Include="PGSuperComponentInfo.h">
      <Filter>Header Files</Filter>
    </ClInclude>
    <ClInclude Include="PGSuperExporter.h">
      <Filter>Header Files</Filter>
    </ClInclude>
    <ClInclude Include="ReinforcementPageParent.h">
      <Filter>Header Files</Filter>
    </ClInclude>
    <ClInclude Include="ReportViewChildFrame.h">
      <Filter>Header Files</Filter>
    </ClInclude>
    <ClInclude Include="Resource.h">
      <Filter>Header Files</Filter>
    </ClInclude>
    <ClInclude Include="SectionCut.h">
      <Filter>Header Files</Filter>
    </ClInclude>
    <ClInclude Include="SectionCutDlg.h">
      <Filter>Header Files</Filter>
    </ClInclude>
    <ClInclude Include="StdAfx.h">
      <Filter>Header Files</Filter>
    </ClInclude>
    <ClInclude Include="txnEditLoadRatingOptions.h">
      <Filter>Header Files</Filter>
    </ClInclude>
    <ClInclude Include="txnEditReinforcement.h">
      <Filter>Header Files</Filter>
    </ClInclude>
    <ClInclude Include="Include\IFace\VersionInfo.h">
      <Filter>Header Files</Filter>
    </ClInclude>
    <ClInclude Include="XBeamRateAgent.h">
      <Filter>Header Files</Filter>
    </ClInclude>
    <ClInclude Include="Include\IFace\XBeamRateAgent.h">
      <Filter>Header Files</Filter>
    </ClInclude>
    <ClInclude Include="Include\XBeamRateAll.h">
      <Filter>Header Files</Filter>
    </ClInclude>
    <ClInclude Include="XBeamRateAppPlugin.h">
      <Filter>Header Files</Filter>
    </ClInclude>
    <ClInclude Include="XBeamRateChildFrame.h">
      <Filter>Header Files</Filter>
    </ClInclude>
    <ClInclude Include="XBeamRateCommandLineInfo.h">
      <Filter>Header Files</Filter>
    </ClInclude>
    <ClInclude Include="XBeamRateCommandLineProcessor.h">
      <Filter>Header Files</Filter>
    </ClInclude>
    <ClInclude Include="XBeamRateDoc.h">
      <Filter>Header Files</Filter>
    </ClInclude>
    <ClInclude Include="XBeamRateDocProxyAgent.h">
      <Filter>Header Files</Filter>
    </ClInclude>
    <ClInclude Include="XBeamRateDocTemplate.h">
      <Filter>Header Files</Filter>
    </ClInclude>
    <ClInclude Include="XBeamRateGraphView.h">
      <Filter>Header Files</Filter>
    </ClInclude>
    <ClInclude Include="Include\XBeamRateHints.h">
      <Filter>Header Files</Filter>
    </ClInclude>
    <ClInclude Include="XBeamRatePluginApp.h">
      <Filter>Header Files</Filter>
    </ClInclude>
    <ClInclude Include="XBeamRateReportView.h">
      <Filter>Header Files</Filter>
    </ClInclude>
    <ClInclude Include="XBeamRateStatusBar.h">
      <Filter>Header Files</Filter>
    </ClInclude>
    <ClInclude Include="Include\XBeamRateTypes.h">
      <Filter>Header Files</Filter>
    </ClInclude>
    <ClInclude Include="Include\XBeamRateVersion.h">
      <Filter>Header Files</Filter>
    </ClInclude>
    <ClInclude Include="XBeamRateVersionInfoImpl.h">
      <Filter>Header Files</Filter>
    </ClInclude>
    <ClInclude Include="XBeamRateView.h">
      <Filter>Header Files</Filter>
    </ClInclude>
    <ClInclude Include="XBRateCalculationSheet.h">
      <Filter>Header Files</Filter>
    </ClInclude>
    <ClInclude Include="CLSID.h">
      <Filter>Header Files</Filter>
    </ClInclude>
  </ItemGroup>
  <ItemGroup>
    <Image Include="res\GraphingView.ico">
      <Filter>Resource Files</Filter>
    </Image>
    <Image Include="res\PierView.ico">
      <Filter>Resource Files</Filter>
    </Image>
    <Image Include="res\ReportView.ico">
      <Filter>Resource Files</Filter>
    </Image>
    <Image Include="res\toolbar.bmp">
      <Filter>Resource Files</Filter>
    </Image>
    <Image Include="res\ViewPier.bmp">
      <Filter>Resource Files</Filter>
    </Image>
    <Image Include="res\Wsdot.ico">
      <Filter>Resource Files</Filter>
    </Image>
    <Image Include="res\XBeamRate.ico">
      <Filter>Resource Files</Filter>
    </Image>
  </ItemGroup>
  <ItemGroup>
    <None Include="XBeamRate.def" />
    <None Include="XBeamRate.tip" />
    <None Include="ComponentInfo.rgs">
      <Filter>Resource Files</Filter>
    </None>
    <None Include="PGSpliceComponentInfo.rgs">
      <Filter>Resource Files</Filter>
    </None>
    <None Include="PGSuperComponentInfo.rgs">
      <Filter>Resource Files</Filter>
    </None>
    <None Include="PGSuperExporter.rgs">
      <Filter>Resource Files</Filter>
    </None>
    <None Include="XBeamRateAgent.rgs">
      <Filter>Resource Files</Filter>
    </None>
    <None Include="XBeamRateAppPlugin.rgs">
      <Filter>Resource Files</Filter>
    </None>
  </ItemGroup>
  <ItemGroup>
    <Filter Include="Header Files">
      <UniqueIdentifier>{306ba5ca-5931-4f5e-abf8-ae118d705ee6}</UniqueIdentifier>
      <Extensions>h;hpp;hxx;hm;inl</Extensions>
    </Filter>
    <Filter Include="Source Files">
      <UniqueIdentifier>{37197df7-d943-41d1-8acc-93aaf9ad78a1}</UniqueIdentifier>
      <Extensions>cpp;c;cxx;rc;def;r;odl;idl;hpj;bat</Extensions>
    </Filter>
    <Filter Include="Resource Files">
      <UniqueIdentifier>{cb0261df-418b-496a-9029-9503a6f64276}</UniqueIdentifier>
      <Extensions>ico;cur;bmp;dlg;rc2;rct;bin;rgs;gif;jpg;jpeg;jpe</Extensions>
    </Filter>
  </ItemGroup>
  <ItemGroup>
    <ResourceCompile Include="XBeamRate.rc">
      <Filter>Resource Files</Filter>
    </ResourceCompile>
  </ItemGroup>
</Project>