<?xml version="1.0" encoding="utf-8"?>
<Project ToolsVersion="4.0" xmlns="http://schemas.microsoft.com/developer/msbuild/2003">
  <ItemGroup>
    <ClCompile Include="AnalysisResultsGraphBuilder.cpp">
      <Filter>Source Files</Filter>
    </ClCompile>
    <ClCompile Include="AnalysisResultsGraphController.cpp">
      <Filter>Source Files</Filter>
    </ClCompile>
    <ClCompile Include="AnalysisResultsGraphDefinition.cpp">
      <Filter>Source Files</Filter>
    </ClCompile>
    <ClCompile Include="dllmain.cpp">
      <Filter>Source Files</Filter>
    </ClCompile>
    <ClCompile Include="GraphingAgent.cpp">
      <Filter>Source Files</Filter>
    </ClCompile>
    <ClCompile Include="GraphingAgentImp.cpp">
      <Filter>Source Files</Filter>
    </ClCompile>
    <ClCompile Include="LiveLoadGraphBuilder.cpp">
      <Filter>Source Files</Filter>
    </ClCompile>
    <ClCompile Include="LiveLoadGraphController.cpp">
      <Filter>Source Files</Filter>
    </ClCompile>
    <ClCompile Include="LiveLoadGraphDefinition.cpp">
      <Filter>Source Files</Filter>
    </ClCompile>
    <ClCompile Include="StdAfx.cpp">
      <Filter>Source Files</Filter>
    </ClCompile>
  </ItemGroup>
  <ItemGroup>
    <ClInclude Include="AnalysisResultsGraphBuilder.h">
      <Filter>Header Files</Filter>
    </ClInclude>
    <ClInclude Include="AnalysisResultsGraphController.h">
      <Filter>Header Files</Filter>
    </ClInclude>
    <ClInclude Include="AnalysisResultsGraphDefinition.h">
      <Filter>Header Files</Filter>
    </ClInclude>
    <ClInclude Include="dllmain.h">
      <Filter>Header Files</Filter>
    </ClInclude>
    <ClInclude Include="GraphingAgent.h">
      <Filter>Header Files</Filter>
    </ClInclude>
    <ClInclude Include="GraphingAgentCLSID.h">
      <Filter>Header Files</Filter>
    </ClInclude>
    <ClInclude Include="GraphingAgentImp.h">
      <Filter>Header Files</Filter>
    </ClInclude>
    <ClInclude Include="GraphingTypes.h">
      <Filter>Header Files</Filter>
    </ClInclude>
    <ClInclude Include="LiveLoadGraphBuilder.h">
      <Filter>Header Files</Filter>
    </ClInclude>
    <ClInclude Include="LiveLoadGraphController.h">
      <Filter>Header Files</Filter>
    </ClInclude>
    <ClInclude Include="LiveLoadGraphDefinition.h">
      <Filter>Header Files</Filter>
    </ClInclude>
    <ClInclude Include="Resource.h">
      <Filter>Header Files</Filter>
    </ClInclude>
    <ClInclude Include="StdAfx.h">
      <Filter>Header Files</Filter>
    </ClInclude>
  </ItemGroup>
  <ItemGroup>
    <None Include="GraphingAgent.def" />
    <None Include="GraphingAgent.rgs">
      <Filter>Resource Files</Filter>
    </None>
    <None Include="GraphingAgentModule.rgs">
      <Filter>Resource Files</Filter>
    </None>
  </ItemGroup>
  <ItemGroup>
    <Filter Include="Header Files">
      <UniqueIdentifier>{94566372-7fbe-490e-82fc-4b3df34d55d8}</UniqueIdentifier>
      <Extensions>h;hpp;hxx;hm;inl</Extensions>
    </Filter>
    <Filter Include="Source Files">
      <UniqueIdentifier>{f6810bd6-05f6-4860-bed8-2f700ad54e6e}</UniqueIdentifier>
      <Extensions>cpp;c;cxx;rc;def;r;odl;idl;hpj;bat</Extensions>
    </Filter>
    <Filter Include="Resource Files">
      <UniqueIdentifier>{98a83e71-1af9-4269-9f10-3f93a273089b}</UniqueIdentifier>
      <Extensions>ico;cur;bmp;dlg;rc2;rct;bin;rgs;gif;jpg;jpeg;jpe</Extensions>
    </Filter>
  </ItemGroup>
  <ItemGroup>
    <ResourceCompile Include="GraphingAgent.rc">
      <Filter>Resource Files</Filter>
    </ResourceCompile>
  </ItemGroup>
</Project>