<?xml version="1.0" encoding="utf-8"?>
<Project ToolsVersion="4.0" xmlns="http://schemas.microsoft.com/developer/msbuild/2003">
  <ItemGroup>
    <ClCompile Include="BearingLineData.cpp">
      <Filter>Source Files</Filter>
    </ClCompile>
    <ClCompile Include="dllmain.cpp">
      <Filter>Source Files</Filter>
    </ClCompile>
    <ClCompile Include="LongitudinalRebarData.cpp">
      <Filter>Source Files</Filter>
    </ClCompile>
    <ClCompile Include="LongitudinalRebarGrid.cpp">
      <Filter>Source Files</Filter>
    </ClCompile>
    <ClCompile Include="MomentRatingArtifact.cpp">
      <Filter>Source Files</Filter>
    </ClCompile>
    <ClCompile Include="PierData.cpp">
      <Filter>Source Files</Filter>
    </ClCompile>
    <ClCompile Include="PointOfInterest.cpp">
      <Filter>Source Files</Filter>
    </ClCompile>
    <ClCompile Include="RatingArtifact.cpp">
      <Filter>Source Files</Filter>
    </ClCompile>
    <ClCompile Include="ReinforcementPage.cpp">
      <Filter>Source Files</Filter>
    </ClCompile>
    <ClCompile Include="ReportPointOfInterest.cpp">
      <Filter>Source Files</Filter>
    </ClCompile>
    <ClCompile Include="ShearRatingArtifact.cpp">
      <Filter>Source Files</Filter>
    </ClCompile>
    <ClCompile Include="StatusItem.cpp">
      <Filter>Source Files</Filter>
    </ClCompile>
    <ClCompile Include="stdafx.cpp">
      <Filter>Source Files</Filter>
    </ClCompile>
    <ClCompile Include="StirrupData.cpp">
      <Filter>Source Files</Filter>
    </ClCompile>
    <ClCompile Include="StirrupGrid.cpp">
      <Filter>Source Files</Filter>
    </ClCompile>
    <ClCompile Include="XBeamRateUtilities.cpp">
      <Filter>Source Files</Filter>
    </ClCompile>
    <ClCompile Include="YieldStressRatioArtifact.cpp">
      <Filter>Source Files</Filter>
    </ClCompile>
  </ItemGroup>
  <ItemGroup>
    <ClInclude Include="..\Include\XBeamRateExt\AutoLib.h">
      <Filter>Header Files</Filter>
    </ClInclude>
    <ClInclude Include="..\Include\XBeamRateExt\BearingLineData.h">
      <Filter>Header Files</Filter>
    </ClInclude>
    <ClInclude Include="..\Include\XBeamRateExt\LiveLoadReactionData.h">
      <Filter>Header Files</Filter>
    </ClInclude>
    <ClInclude Include="..\Include\XBeamRateExt\LongitudinalRebarData.h">
      <Filter>Header Files</Filter>
    </ClInclude>
    <ClInclude Include="LongitudinalRebarGrid.h">
      <Filter>Header Files</Filter>
    </ClInclude>
    <ClInclude Include="..\Include\XBeamRateExt\MomentRatingArtifact.h">
      <Filter>Header Files</Filter>
    </ClInclude>
    <ClInclude Include="..\Include\XBeamRateExt\PierData.h">
      <Filter>Header Files</Filter>
    </ClInclude>
    <ClInclude Include="..\Include\XBeamRateExt\PointOfInterest.h">
      <Filter>Header Files</Filter>
    </ClInclude>
    <ClInclude Include="..\Include\XBeamRateExt\RatingArtifact.h">
      <Filter>Header Files</Filter>
    </ClInclude>
    <ClInclude Include="..\Include\XBeamRateExt\ReinforcementPage.h">
      <Filter>Header Files</Filter>
    </ClInclude>
    <ClInclude Include="..\Include\XBeamRateExt\ReportPointOfInterest.h">
      <Filter>Header Files</Filter>
    </ClInclude>
    <ClInclude Include="resource.h">
      <Filter>Header Files</Filter>
    </ClInclude>
    <ClInclude Include="..\Include\XBeamRateExt\ShearRatingArtifact.h">
      <Filter>Header Files</Filter>
    </ClInclude>
    <ClInclude Include="..\Include\XBeamRateExt\StatusItem.h">
      <Filter>Header Files</Filter>
    </ClInclude>
    <ClInclude Include="stdafx.h">
      <Filter>Header Files</Filter>
    </ClInclude>
    <ClInclude Include="..\Include\XBeamRateExt\StirrupData.h">
      <Filter>Header Files</Filter>
    </ClInclude>
    <ClInclude Include="StirrupGrid.h">
      <Filter>Header Files</Filter>
    </ClInclude>
    <ClInclude Include="..\Include\XBeamRateExt\XBeamRateUtilities.h">
      <Filter>Header Files</Filter>
    </ClInclude>
    <ClInclude Include="..\Include\XBeamRateExt\XBRExtExp.h">
      <Filter>Header Files</Filter>
    </ClInclude>
    <ClInclude Include="..\Include\XBeamRateExt\YieldStressRatioArtifact.h">
      <Filter>Header Files</Filter>
    </ClInclude>
  </ItemGroup>
  <ItemGroup>
    <Text Include="ReadMe.txt" />
  </ItemGroup>
  <ItemGroup>
    <Filter Include="Header Files">
      <UniqueIdentifier>{89a760bd-031b-4d7d-87b6-8116ead4befe}</UniqueIdentifier>
      <Extensions>h;hpp;hxx;hm;inl</Extensions>
    </Filter>
    <Filter Include="Source Files">
      <UniqueIdentifier>{6a88f5cb-4684-4686-8e9b-56b82d5b79bf}</UniqueIdentifier>
      <Extensions>cpp;c;cxx;rc;def;r;odl;idl;hpj;bat</Extensions>
    </Filter>
    <Filter Include="Resource Files">
      <UniqueIdentifier>{c4d8f70c-2036-4440-a4b7-6912c3b0f1e8}</UniqueIdentifier>
      <Extensions>ico;cur;bmp;dlg;rc2;rct;bin;rgs;gif;jpg;jpeg;jpe</Extensions>
    </Filter>
  </ItemGroup>
  <ItemGroup>
    <ResourceCompile Include="XBeamRateExt.rc">
      <Filter>Resource Files</Filter>
    </ResourceCompile>
  </ItemGroup>
</Project>